
Microsoft Visual Studio Solution File, Format Version 12.00
# Visual Studio Version 17
VisualStudioVersion = 17.4.33213.308
MinimumVisualStudioVersion = 10.0.40219.1
Project("{FAE04EC0-301F-11D3-BF4B-00C04F79EFBC}") = "MSFS WildFire Detections", "MSFS WildFire Detections.csproj", "{DBD9BA34-7B5B-4A08-9B09-F16960EBC574}"
EndProject
Global
	GlobalSection(SolutionConfigurationPlatforms) = preSolution
		Debug|Any CPU = Debug|Any CPU
		Release|Any CPU = Release|Any CPU
	EndGlobalSection
	GlobalSection(ProjectConfigurationPlatforms) = postSolution
		{DBD9BA34-7B5B-4A08-9B09-F16960EBC574}.Debug|Any CPU.ActiveCfg = Debug|Any CPU
		{DBD9BA34-7B5B-4A08-9B09-F16960EBC574}.Debug|Any CPU.Build.0 = Debug|Any CPU
		{DBD9BA34-7B5B-4A08-9B09-F16960EBC574}.Release|Any CPU.ActiveCfg = Release|Any CPU
		{DBD9BA34-7B5B-4A08-9B09-F16960EBC574}.Release|Any CPU.Build.0 = Release|Any CPU
	EndGlobalSection
	GlobalSection(SolutionProperties) = preSolution
		HideSolutionNode = FALSE
	EndGlobalSection
	GlobalSection(ExtensibilityGlobals) = postSolution
		SolutionGuid = {C7494B7C-C7EA-4EAD-A09D-F97563B27502}
	EndGlobalSection
EndGlobal
